<?xml version="1.0" encoding="utf-8"?>
<Project ToolsVersion="14.0" xmlns="http://schemas.microsoft.com/developer/msbuild/2003">
  <ItemGroup>
    <Filter Include="Assets">
      <UniqueIdentifier>80bfd669-aa83-4537-9611-027cffe0d8af</UniqueIdentifier>
      <Extensions>bmp;fbx;gif;jpg;jpeg;tga;tiff;tif;png</Extensions>
    </Filter>
    <Filter Include="Styles">
      <UniqueIdentifier>{c6978fb6-bc64-498d-97c8-f5b53997e54e}</UniqueIdentifier>
    </Filter>
    <Filter Include="Common">
      <UniqueIdentifier>{236cef51-5c2c-4e82-ac72-20a669df8730}</UniqueIdentifier>
    </Filter>
    <Filter Include="Controls">
      <UniqueIdentifier>{17ea50cd-4cef-4f21-9322-55e48904db9a}</UniqueIdentifier>
    </Filter>
    <Filter Include="Renderers">
      <UniqueIdentifier>{23ee8a7d-ef67-4573-9911-d57dab953fe4}</UniqueIdentifier>
    </Filter>
    <Filter Include="Screens">
      <UniqueIdentifier>{95478544-15e1-4bd9-b747-0b9a094117f2}</UniqueIdentifier>
    </Filter>
    <Filter Include="Models">
      <UniqueIdentifier>{a03046a5-e786-43b7-bb42-95ca44f5982b}</UniqueIdentifier>
    </Filter>
    <Filter Include="ViewModels">
      <UniqueIdentifier>{30c2020f-0b3a-4cf8-9001-dd45a275792c}</UniqueIdentifier>
    </Filter>
    <Filter Include="Services">
      <UniqueIdentifier>{b3483630-dc2e-479f-9120-190cdaa5bcaf}</UniqueIdentifier>
    </Filter>
  </ItemGroup>
  <ItemGroup>
    <ClCompile Include="pch.cpp" />
    <ClCompile Include="SampleConfiguration.cpp" />
    <ClCompile Include="Common\DeviceResources.cpp">
      <Filter>Common</Filter>
    </ClCompile>
    <ClCompile Include="Common\InkEventLogger.cpp">
      <Filter>Common</Filter>
    </ClCompile>
    <ClCompile Include="Renderers\InkRenderer.cpp">
      <Filter>Renderers</Filter>
    </ClCompile>
    <ClCompile Include="Renderers\SceneComposer.cpp">
      <Filter>Renderers</Filter>
    </ClCompile>
    <ClCompile Include="Renderers\ShapeRenderer.cpp">
      <Filter>Renderers</Filter>
    </ClCompile>
    <ClCompile Include="Controls\ContextMenuFlyout.xaml.cpp" />
    <ClCompile Include="RgbaInt.cpp">
      <Filter>Common</Filter>
    </ClCompile>
    <ClCompile Include="BrushData.cpp">
      <Filter>Models</Filter>
    </ClCompile>
    <ClCompile Include="BrushSize.cpp">
      <Filter>Models</Filter>
    </ClCompile>
    <ClCompile Include="BrushCreatorViewModel.cpp">
      <Filter>ViewModels</Filter>
    </ClCompile>
    <ClCompile Include="StringUtils.cpp">
      <Filter>Common</Filter>
    </ClCompile>
    <ClCompile Include="BushService.cpp">
      <Filter>Services</Filter>
    </ClCompile>
  </ItemGroup>
  <ItemGroup>
    <ClInclude Include="pch.h" />
    <ClInclude Include="SampleConfiguration.h" />
    <ClInclude Include="Common\DeviceResources.h">
      <Filter>Common</Filter>
    </ClInclude>
    <ClInclude Include="Common\DirectXHelper.h">
      <Filter>Common</Filter>
    </ClInclude>
    <ClInclude Include="Common\InkEventLogger.h">
      <Filter>Common</Filter>
    </ClInclude>
    <ClInclude Include="Common\Resources.h">
      <Filter>Common</Filter>
    </ClInclude>
    <ClInclude Include="Renderers\InkRenderer.h">
      <Filter>Renderers</Filter>
    </ClInclude>
    <ClInclude Include="Renderers\SceneComposer.h">
      <Filter>Renderers</Filter>
    </ClInclude>
    <ClInclude Include="Renderers\ShapeRenderer.h">
      <Filter>Renderers</Filter>
    </ClInclude>
    <ClInclude Include="Controls\ContextMenuFlyout.xaml.h" />
    <ClInclude Include="RgbaInt.h">
      <Filter>Common</Filter>
    </ClInclude>
    <ClInclude Include="BrushData.h">
      <Filter>Models</Filter>
    </ClInclude>
    <ClInclude Include="BrushSize.h">
      <Filter>Models</Filter>
    </ClInclude>
    <ClInclude Include="BrushCreatorViewModel.h">
      <Filter>ViewModels</Filter>
    </ClInclude>
    <ClInclude Include="StringUtils.h">
      <Filter>Common</Filter>
    </ClInclude>
    <ClInclude Include="BushService.h">
      <Filter>Services</Filter>
    </ClInclude>
  </ItemGroup>
  <ItemGroup>
    <AppxManifest Include="Package.appxmanifest" />
  </ItemGroup>
  <ItemGroup>
    <Page Include="Controls\ContextMenuFlyout.xaml">
      <Filter>Controls</Filter>
    </Page>
    <Page Include="MainPage.xaml" />
    <Page Include="Styles.xaml">
      <Filter>Styles</Filter>
    </Page>
    <Page Include="DrawingCanvasBoard.xaml">
      <Filter>Screens</Filter>
    </Page>
    <Page Include="BrushCreator.xaml">
      <Filter>Screens</Filter>
    </Page>
  </ItemGroup>
  <ItemGroup>
    <Image Include="Assets\badge-logo.png">
      <Filter>Assets</Filter>
    </Image>
    <Image Include="Assets\microsoft-sdk.png">
      <Filter>Assets</Filter>
    </Image>
    <Image Include="Assets\placeholder.png">
      <Filter>Assets</Filter>
    </Image>
    <Image Include="Assets\placeholder-sdk.png">
      <Filter>Assets</Filter>
    </Image>
    <Image Include="Assets\smalltile-sdk.png">
      <Filter>Assets</Filter>
    </Image>
    <Image Include="Assets\splash-sdk.png">
      <Filter>Assets</Filter>
    </Image>
    <Image Include="Assets\Square310x310Logo.png">
      <Filter>Assets</Filter>
    </Image>
    <Image Include="Assets\squaretile-sdk.png">
      <Filter>Assets</Filter>
    </Image>
    <Image Include="Assets\storelogo-sdk.png">
      <Filter>Assets</Filter>
    </Image>
    <Image Include="Assets\tile-sdk.png">
      <Filter>Assets</Filter>
    </Image>
    <Image Include="Assets\windows-sdk.png">
      <Filter>Assets</Filter>
    </Image>
  </ItemGroup>
  <ItemGroup>
    <None Include="Assets\microsoft-logo.glb">
      <Filter>Assets</Filter>
    </None>
  </ItemGroup>
  <ItemGroup>
    <ApplicationDefinition Include="App.xaml" />
  </ItemGroup>
</Project>