<?xml version="1.0" encoding="utf-8"?>
<Project ToolsVersion="4.0" xmlns="http://schemas.microsoft.com/developer/msbuild/2003">
  <ItemGroup>
    <ApplicationDefinition Include="App.xaml" />
  </ItemGroup>
  <ItemGroup>
    <Page Include="MainPage.xaml" />
    <Page Include="Styles.xaml">
      <Filter>Styles</Filter>
    </Page>
    <Page Include="BrushFlayoutMenu.xaml">
      <Filter>Views</Filter>
    </Page>
    <Page Include="BrushesList.xaml">
      <Filter>Views</Filter>
    </Page>
    <Page Include="CanvasBoard.xaml">
      <Filter>Views</Filter>
    </Page>
    <Page Include="CreateBrushShapeAndTexture.xaml">
      <Filter>Views</Filter>
    </Page>
  </ItemGroup>
  <ItemGroup>
    <Midl Include="App.idl" />
    <Midl Include="MainPage.idl" />
    <Midl Include="BrushSizeModel.idl">
      <Filter>Models</Filter>
    </Midl>
    <Midl Include="BrushDataModel.idl">
      <Filter>Models</Filter>
    </Midl>
    <Midl Include="BrushCreatorViewModel.idl">
      <Filter>ViewModels</Filter>
    </Midl>
    <Midl Include="BrushItemModel.idl">
      <Filter>Models</Filter>
    </Midl>
  </ItemGroup>
  <ItemGroup>
    <ClCompile Include="pch.cpp" />
    <ClCompile Include="App.cpp" />
    <ClCompile Include="MainPage.cpp" />
    <ClCompile Include="$(GeneratedFilesDir)module.g.cpp" />
    <ClCompile Include="CanvasBrush.cpp">
      <Filter>Rendering</Filter>
    </ClCompile>
    <ClCompile Include="CanvasPoint.cpp">
      <Filter>Rendering</Filter>
    </ClCompile>
    <ClCompile Include="DrawingQueue.cpp">
      <Filter>Rendering</Filter>
    </ClCompile>
    <ClCompile Include="FilePicker.cpp">
      <Filter>PlatformServices</Filter>
    </ClCompile>
    <ClCompile Include="PixalValue.cpp">
      <Filter>Rendering</Filter>
    </ClCompile>
    <ClCompile Include="ImageHelpers.cpp">
      <Filter>Rendering</Filter>
    </ClCompile>
  </ItemGroup>
  <ItemGroup>
    <ClInclude Include="pch.h" />
    <ClInclude Include="resource.h" />
    <ClInclude Include="CanvasBrush.h">
      <Filter>Rendering</Filter>
    </ClInclude>
    <ClInclude Include="CanvasPoint.h">
      <Filter>Rendering</Filter>
    </ClInclude>
    <ClInclude Include="DrawingQueue.h">
      <Filter>Rendering</Filter>
    </ClInclude>
    <ClInclude Include="FilePicker.h">
      <Filter>PlatformServices</Filter>
    </ClInclude>
    <ClInclude Include="PixalValue.h">
      <Filter>Rendering</Filter>
    </ClInclude>
    <ClInclude Include="ImageHelpers.h">
      <Filter>Rendering</Filter>
    </ClInclude>
  </ItemGroup>
  <ItemGroup>
    <Image Include="Assets\Wide310x150Logo.scale-200.png">
      <Filter>Assets</Filter>
    </Image>
    <Image Include="Assets\StoreLogo.png">
      <Filter>Assets</Filter>
    </Image>
    <Image Include="Assets\Square150x150Logo.scale-200.png">
      <Filter>Assets</Filter>
    </Image>
    <Image Include="Assets\Square44x44Logo.targetsize-24_altform-unplated.png">
      <Filter>Assets</Filter>
    </Image>
    <Image Include="Assets\Square44x44Logo.scale-200.png">
      <Filter>Assets</Filter>
    </Image>
    <Image Include="Assets\SplashScreen.scale-200.png">
      <Filter>Assets</Filter>
    </Image>
    <Image Include="Assets\LockScreenLogo.scale-200.png">
      <Filter>Assets</Filter>
    </Image>
  </ItemGroup>
  <ItemGroup>
    <AppxManifest Include="Package.appxmanifest" />
  </ItemGroup>
  <ItemGroup>
    <Filter Include="Assets">
      <UniqueIdentifier>{e48dc53e-40b1-40cb-970a-f89935452892}</UniqueIdentifier>
    </Filter>
    <Filter Include="Common">
      <UniqueIdentifier>{cfc61dd6-9222-41e5-b95f-bd9f1daf9ca0}</UniqueIdentifier>
    </Filter>
    <Filter Include="Models">
      <UniqueIdentifier>{74e58ccc-155a-494e-a156-f1ad44c0d5c8}</UniqueIdentifier>
    </Filter>
    <Filter Include="Views">
      <UniqueIdentifier>{4649247e-2a32-4f56-a2c4-eba8dccb677e}</UniqueIdentifier>
    </Filter>
    <Filter Include="Styles">
      <UniqueIdentifier>{3cffb571-95dd-4237-b31f-1f459036dfbe}</UniqueIdentifier>
    </Filter>
    <Filter Include="ViewModels">
      <UniqueIdentifier>{1cbccebe-eb64-4134-888a-2e43dc564bef}</UniqueIdentifier>
    </Filter>
    <Filter Include="Rendering">
      <UniqueIdentifier>{71767575-c080-40bf-9ebe-1c00cb695c15}</UniqueIdentifier>
    </Filter>
    <Filter Include="Assets\Icons">
      <UniqueIdentifier>{5280c093-f763-4cf8-9763-5b4472dd3ac0}</UniqueIdentifier>
    </Filter>
    <Filter Include="PlatformServices">
      <UniqueIdentifier>{159e18c8-35d4-428b-9205-3490eec6bb9f}</UniqueIdentifier>
    </Filter>
  </ItemGroup>
  <ItemGroup>
    <None Include="PropertySheet.props" />
    <None Include="packages.config" />
    <None Include="Assets\dc_brush.svg">
      <Filter>Assets\Icons</Filter>
    </None>
    <None Include="Assets\dc_pencil.svg">
      <Filter>Assets\Icons</Filter>
    </None>
    <None Include="Assets\dc_shape.svg">
      <Filter>Assets\Icons</Filter>
    </None>
    <None Include="Assets\dc_texture.svg">
      <Filter>Assets\Icons</Filter>
    </None>
  </ItemGroup>
  <ItemGroup>
    <Text Include="readme.txt" />
  </ItemGroup>
  <ItemGroup>
    <ResourceCompile Include="DrawingCanvas.rc" />
  </ItemGroup>
</Project>